{
  "version": 4,
  "terraform_version": "0.13.4",
  "serial": 3,
  "lineage": "1e05b212-41f0-264e-291f-7752ca7dc33d",
  "outputs": {},
  "resources": [
    {
      "mode": "managed",
      "type": "aws_vpc",
      "name": "main",
      "provider": "provider[\"registry.terraform.io/hashicorp/aws\"]",
      "instances": [
        {
          "schema_version": 1,
          "attributes": {
            "arn": "arn:aws:ec2:eu-west-2:787954214008:vpc/vpc-00037bc6c7372c55a",
            "assign_generated_ipv6_cidr_block": false,
            "cidr_block": "190.160.0.0/16",
            "default_network_acl_id": "acl-0d059828e41b7075a",
            "default_route_table_id": "rtb-0af214685a4f3fca5",
            "default_security_group_id": "sg-0ec358491f0bd0d49",
            "dhcp_options_id": "dopt-51577f39",
            "enable_classiclink": null,
            "enable_classiclink_dns_support": null,
            "enable_dns_hostnames": false,
            "enable_dns_support": true,
            "id": "vpc-00037bc6c7372c55a",
            "instance_tenancy": "default",
            "ipv6_association_id": "",
            "ipv6_cidr_block": "",
            "main_route_table_id": "rtb-0af214685a4f3fca5",
            "owner_id": "787954214008",
            "tags": {
              "Location": "Milton Keynes",
              "Name": "main"
            }
          },
          "private": "eyJzY2hlbWFfdmVyc2lvbiI6IjEifQ=="
        }
      ]
    }
  ]
}
